{
  "name": "projettuteure",
  "version": "1.0.0",
  "lockfileVersion": 1,
  "requires": true,
  "dependencies": {
    "navigo": {
      "version": "8.11.0",
      "resolved": "https://registry.npmjs.org/navigo/-/navigo-8.11.0.tgz",
      "integrity": "sha512-Kp+HGJ8/1wnKxW0Np4hTDYoLovtQZH5a7TO5IL89UbtvGYfFKWuacjO/ij+GN1YVHfKmlulM3lqBGQvAc7LTUQ=="
    }
  }
}
